
Microsoft Visual Studio Solution File, Format Version 12.00
# Visual Studio Version 16
VisualStudioVersion = 16.0.30907.101
MinimumVisualStudioVersion = 10.0.40219.1
Project("{8BC9CEB8-8B4A-11D0-8D11-00A0C91BC942}") = "Problema de la mochila con estimación", "Problema de la mochila con estimación\Problema de la mochila con estimación.vcxproj", "{BE195664-2424-4FA5-B0FF-863C54C86393}"
EndProject
Global
	GlobalSection(SolutionConfigurationPlatforms) = preSolution
		Debug|x64 = Debug|x64
		Debug|x86 = Debug|x86
		Release|x64 = Release|x64
		Release|x86 = Release|x86
	EndGlobalSection
	GlobalSection(ProjectConfigurationPlatforms) = postSolution
		{BE195664-2424-4FA5-B0FF-863C54C86393}.Debug|x64.ActiveCfg = Debug|x64
		{BE195664-2424-4FA5-B0FF-863C54C86393}.Debug|x64.Build.0 = Debug|x64
		{BE195664-2424-4FA5-B0FF-863C54C86393}.Debug|x86.ActiveCfg = Debug|Win32
		{BE195664-2424-4FA5-B0FF-863C54C86393}.Debug|x86.Build.0 = Debug|Win32
		{BE195664-2424-4FA5-B0FF-863C54C86393}.Release|x64.ActiveCfg = Release|x64
		{BE195664-2424-4FA5-B0FF-863C54C86393}.Release|x64.Build.0 = Release|x64
		{BE195664-2424-4FA5-B0FF-863C54C86393}.Release|x86.ActiveCfg = Release|Win32
		{BE195664-2424-4FA5-B0FF-863C54C86393}.Release|x86.Build.0 = Release|Win32
	EndGlobalSection
	GlobalSection(SolutionProperties) = preSolution
		HideSolutionNode = FALSE
	EndGlobalSection
	GlobalSection(ExtensibilityGlobals) = postSolution
		SolutionGuid = {2B69E548-FAAF-4DAD-B71F-408C213E9157}
	EndGlobalSection
EndGlobal
