
Microsoft Visual Studio Solution File, Format Version 12.00
# Visual Studio Version 16
VisualStudioVersion = 16.0.30709.132
MinimumVisualStudioVersion = 10.0.40219.1
Project("{8BC9CEB8-8B4A-11D0-8D11-00A0C91BC942}") = "Practica 24", "Practica 24\Practica 24.vcxproj", "{620033A4-9370-4621-B77E-9C70CF0DF837}"
EndProject
Global
	GlobalSection(SolutionConfigurationPlatforms) = preSolution
		Debug|x64 = Debug|x64
		Debug|x86 = Debug|x86
		Release|x64 = Release|x64
		Release|x86 = Release|x86
	EndGlobalSection
	GlobalSection(ProjectConfigurationPlatforms) = postSolution
		{620033A4-9370-4621-B77E-9C70CF0DF837}.Debug|x64.ActiveCfg = Debug|x64
		{620033A4-9370-4621-B77E-9C70CF0DF837}.Debug|x64.Build.0 = Debug|x64
		{620033A4-9370-4621-B77E-9C70CF0DF837}.Debug|x86.ActiveCfg = Debug|Win32
		{620033A4-9370-4621-B77E-9C70CF0DF837}.Debug|x86.Build.0 = Debug|Win32
		{620033A4-9370-4621-B77E-9C70CF0DF837}.Release|x64.ActiveCfg = Release|x64
		{620033A4-9370-4621-B77E-9C70CF0DF837}.Release|x64.Build.0 = Release|x64
		{620033A4-9370-4621-B77E-9C70CF0DF837}.Release|x86.ActiveCfg = Release|Win32
		{620033A4-9370-4621-B77E-9C70CF0DF837}.Release|x86.Build.0 = Release|Win32
	EndGlobalSection
	GlobalSection(SolutionProperties) = preSolution
		HideSolutionNode = FALSE
	EndGlobalSection
	GlobalSection(ExtensibilityGlobals) = postSolution
		SolutionGuid = {0A950B70-4C7A-41DE-9C4E-3E04B4FB8396}
	EndGlobalSection
EndGlobal
