
Microsoft Visual Studio Solution File, Format Version 12.00
# Visual Studio Version 16
VisualStudioVersion = 16.0.30804.86
MinimumVisualStudioVersion = 10.0.40219.1
Project("{8BC9CEB8-8B4A-11D0-8D11-00A0C91BC942}") = "Practica42", "Practica42\Practica42.vcxproj", "{A065D2E8-B715-45D1-BA48-50AEACD4876F}"
EndProject
Global
	GlobalSection(SolutionConfigurationPlatforms) = preSolution
		Debug|x64 = Debug|x64
		Debug|x86 = Debug|x86
		Release|x64 = Release|x64
		Release|x86 = Release|x86
	EndGlobalSection
	GlobalSection(ProjectConfigurationPlatforms) = postSolution
		{A065D2E8-B715-45D1-BA48-50AEACD4876F}.Debug|x64.ActiveCfg = Debug|x64
		{A065D2E8-B715-45D1-BA48-50AEACD4876F}.Debug|x64.Build.0 = Debug|x64
		{A065D2E8-B715-45D1-BA48-50AEACD4876F}.Debug|x86.ActiveCfg = Debug|Win32
		{A065D2E8-B715-45D1-BA48-50AEACD4876F}.Debug|x86.Build.0 = Debug|Win32
		{A065D2E8-B715-45D1-BA48-50AEACD4876F}.Release|x64.ActiveCfg = Release|x64
		{A065D2E8-B715-45D1-BA48-50AEACD4876F}.Release|x64.Build.0 = Release|x64
		{A065D2E8-B715-45D1-BA48-50AEACD4876F}.Release|x86.ActiveCfg = Release|Win32
		{A065D2E8-B715-45D1-BA48-50AEACD4876F}.Release|x86.Build.0 = Release|Win32
	EndGlobalSection
	GlobalSection(SolutionProperties) = preSolution
		HideSolutionNode = FALSE
	EndGlobalSection
	GlobalSection(ExtensibilityGlobals) = postSolution
		SolutionGuid = {D9E94FAE-5B47-4FB6-9DFD-84A42713E596}
	EndGlobalSection
EndGlobal
