
Microsoft Visual Studio Solution File, Format Version 12.00
# Visual Studio Version 16
VisualStudioVersion = 16.0.30907.101
MinimumVisualStudioVersion = 10.0.40219.1
Project("{8BC9CEB8-8B4A-11D0-8D11-00A0C91BC942}") = "Practica 302", "Practica 302\Practica 302.vcxproj", "{0B9F456D-9914-4EB0-8528-58D868A411DC}"
EndProject
Global
	GlobalSection(SolutionConfigurationPlatforms) = preSolution
		Debug|x64 = Debug|x64
		Debug|x86 = Debug|x86
		Release|x64 = Release|x64
		Release|x86 = Release|x86
	EndGlobalSection
	GlobalSection(ProjectConfigurationPlatforms) = postSolution
		{0B9F456D-9914-4EB0-8528-58D868A411DC}.Debug|x64.ActiveCfg = Debug|x64
		{0B9F456D-9914-4EB0-8528-58D868A411DC}.Debug|x64.Build.0 = Debug|x64
		{0B9F456D-9914-4EB0-8528-58D868A411DC}.Debug|x86.ActiveCfg = Debug|Win32
		{0B9F456D-9914-4EB0-8528-58D868A411DC}.Debug|x86.Build.0 = Debug|Win32
		{0B9F456D-9914-4EB0-8528-58D868A411DC}.Release|x64.ActiveCfg = Release|x64
		{0B9F456D-9914-4EB0-8528-58D868A411DC}.Release|x64.Build.0 = Release|x64
		{0B9F456D-9914-4EB0-8528-58D868A411DC}.Release|x86.ActiveCfg = Release|Win32
		{0B9F456D-9914-4EB0-8528-58D868A411DC}.Release|x86.Build.0 = Release|Win32
	EndGlobalSection
	GlobalSection(SolutionProperties) = preSolution
		HideSolutionNode = FALSE
	EndGlobalSection
	GlobalSection(ExtensibilityGlobals) = postSolution
		SolutionGuid = {1E9D8370-F91E-4316-A0BE-C03BF42D7142}
	EndGlobalSection
EndGlobal
